
Microsoft Visual Studio Solution File, Format Version 12.00
# Visual Studio Version 16
VisualStudioVersion = 16.0.33328.57
MinimumVisualStudioVersion = 10.0.40219.1
Project("{FAE04EC0-301F-11D3-BF4B-00C04F79EFBC}") = "HiepHuynh_2011061513", "HiepHuynh_2011061513\HiepHuynh_2011061513.csproj", "{5AC1111D-F505-47CC-9EE7-2A7D5717E6D6}"
EndProject
Global
	GlobalSection(SolutionConfigurationPlatforms) = preSolution
		Debug|Any CPU = Debug|Any CPU
		Release|Any CPU = Release|Any CPU
	EndGlobalSection
	GlobalSection(ProjectConfigurationPlatforms) = postSolution
		{5AC1111D-F505-47CC-9EE7-2A7D5717E6D6}.Debug|Any CPU.ActiveCfg = Debug|Any CPU
		{5AC1111D-F505-47CC-9EE7-2A7D5717E6D6}.Debug|Any CPU.Build.0 = Debug|Any CPU
		{5AC1111D-F505-47CC-9EE7-2A7D5717E6D6}.Release|Any CPU.ActiveCfg = Release|Any CPU
		{5AC1111D-F505-47CC-9EE7-2A7D5717E6D6}.Release|Any CPU.Build.0 = Release|Any CPU
	EndGlobalSection
	GlobalSection(SolutionProperties) = preSolution
		HideSolutionNode = FALSE
	EndGlobalSection
	GlobalSection(ExtensibilityGlobals) = postSolution
		SolutionGuid = {CB66070D-408C-4ADD-93A0-5DD24B58928C}
	EndGlobalSection
EndGlobal
